{
  "object": {
    "pins": [
      {
        "package": "Chord",
        "repositoryURL": "https://github.com/OperatorFoundation/Chord",
        "state": {
          "branch": null,
          "revision": "662052b357a1cbb4d3b1c82a304e993e6dee46b0",
          "version": "0.0.13"
        }
      },
      {
        "package": "Datable",
        "repositoryURL": "https://github.com/OperatorFoundation/Datable",
        "state": {
          "branch": null,
          "revision": "59dfd564b1d0e69313cb13ce87adc4ea2281df79",
          "version": "3.1.1"
        }
      },
      {
        "package": "swift-log",
        "repositoryURL": "https://github.com/apple/swift-log.git",
        "state": {
          "branch": null,
          "revision": "5d66f7ba25daf4f94100e7022febf3c75e37a6c7",
          "version": "1.4.2"
        }
      },
      {
        "package": "SwiftQueue",
        "repositoryURL": "https://github.com/OperatorFoundation/SwiftQueue",
        "state": {
          "branch": null,
          "revision": "22f628f3208be8e70c06e9577913e56177c47702",
          "version": "0.1.1"
        }
      },
      {
        "package": "Transport",
        "repositoryURL": "https://github.com/OperatorFoundation/Transport",
        "state": {
          "branch": null,
          "revision": "a95c7bd870c558a040f9a22a88badab5577bd4df",
          "version": "2.3.8"
        }
      }
    ]
  },
  "version": 1
}
